
Microsoft Visual Studio Solution File, Format Version 12.00
# Visual Studio Version 17
VisualStudioVersion = 17.1.32210.238
MinimumVisualStudioVersion = 10.0.40219.1
Project("{2150E333-8FDC-42A3-9474-1A3956D46DE8}") = "Services", "Services", "{C678FB02-503D-4C04-B614-A0BECAAC0C1B}"
EndProject
Project("{2150E333-8FDC-42A3-9474-1A3956D46DE8}") = "Catalog", "Catalog", "{ED821FC0-4336-41F3-8C30-C2A38A88C2D3}"
EndProject
Project("{9A19103F-16F7-4668-BE54-9A1E7A4F7556}") = "Catalog.API", "Services\Catalog\Catalog.API\Catalog.API.csproj", "{56A27E97-5533-471A-86E4-99D6C478864D}"
EndProject
Project("{E53339B2-1760-4266-BCC7-CA923CBCF16C}") = "docker-compose", "docker-compose.dcproj", "{D8ED8676-1472-4C49-B20A-36F1FA26689B}"
EndProject
Project("{2150E333-8FDC-42A3-9474-1A3956D46DE8}") = "Basket", "Basket", "{F0334924-4B01-41F7-9D19-0C54211E4B5B}"
EndProject
Project("{9A19103F-16F7-4668-BE54-9A1E7A4F7556}") = "Basket.API", "Services\Basket\Basket.API\Basket.API.csproj", "{0A621A61-36F6-4D22-B2B0-45552D8C0DC9}"
EndProject
Project("{2150E333-8FDC-42A3-9474-1A3956D46DE8}") = "DIscount", "DIscount", "{C3F5F99A-8AB9-4156-85BC-DEE67D9F6684}"
EndProject
Project("{9A19103F-16F7-4668-BE54-9A1E7A4F7556}") = "Discount.API", "Services\Discount\Discount.API\Discount.API.csproj", "{A4F6C89C-1D14-47FF-A343-EA018FCD5853}"
EndProject
Project("{9A19103F-16F7-4668-BE54-9A1E7A4F7556}") = "Discount.Grpc", "Services\Discount\Discount.Grpc\Discount.Grpc.csproj", "{84A2D18B-F37B-414D-A0AD-D998C8216840}"
EndProject
Project("{2150E333-8FDC-42A3-9474-1A3956D46DE8}") = "Ordering", "Ordering", "{5219EF18-227A-49F9-81EC-50813311BD91}"
EndProject
Project("{9A19103F-16F7-4668-BE54-9A1E7A4F7556}") = "Ordering.API", "Services\Ordering\Ordering.API\Ordering.API.csproj", "{A7DFF313-BCD2-4FC0-B5CB-3862437617D6}"
EndProject
Project("{9A19103F-16F7-4668-BE54-9A1E7A4F7556}") = "Ordering.Domain", "Services\Ordering\Ordering.Domain\Ordering.Domain.csproj", "{ACF682A5-A5B4-41F2-9D87-DD2614951C72}"
EndProject
Project("{9A19103F-16F7-4668-BE54-9A1E7A4F7556}") = "Ordering.Infrastructure", "Services\Ordering\Ordering.Infrastructure\Ordering.Infrastructure.csproj", "{08A66717-B57E-437B-8660-00AD8677A48B}"
EndProject
Project("{9A19103F-16F7-4668-BE54-9A1E7A4F7556}") = "Ordering.Application", "Services\Ordering\Ordering.Application\Ordering.Application.csproj", "{3D64A811-C46A-4A52-8B6A-F343DA6BAED0}"
EndProject
Project("{2150E333-8FDC-42A3-9474-1A3956D46DE8}") = "BuildingBlocks", "BuildingBlocks", "{287C3525-846C-4623-A2B0-E0CF646B01B1}"
EndProject
Project("{FAE04EC0-301F-11D3-BF4B-00C04F79EFBC}") = "EventBus.Messages", "BuildingBlocks\EventBus.Messages\EventBus.Messages.csproj", "{FE99487A-00AC-40CA-AAC7-BCD9EDB04CEB}"
EndProject
Global
	GlobalSection(SolutionConfigurationPlatforms) = preSolution
		Debug|Any CPU = Debug|Any CPU
		Release|Any CPU = Release|Any CPU
	EndGlobalSection
	GlobalSection(ProjectConfigurationPlatforms) = postSolution
		{56A27E97-5533-471A-86E4-99D6C478864D}.Debug|Any CPU.ActiveCfg = Debug|Any CPU
		{56A27E97-5533-471A-86E4-99D6C478864D}.Debug|Any CPU.Build.0 = Debug|Any CPU
		{56A27E97-5533-471A-86E4-99D6C478864D}.Release|Any CPU.ActiveCfg = Release|Any CPU
		{56A27E97-5533-471A-86E4-99D6C478864D}.Release|Any CPU.Build.0 = Release|Any CPU
		{D8ED8676-1472-4C49-B20A-36F1FA26689B}.Debug|Any CPU.ActiveCfg = Debug|Any CPU
		{D8ED8676-1472-4C49-B20A-36F1FA26689B}.Debug|Any CPU.Build.0 = Debug|Any CPU
		{D8ED8676-1472-4C49-B20A-36F1FA26689B}.Release|Any CPU.ActiveCfg = Release|Any CPU
		{D8ED8676-1472-4C49-B20A-36F1FA26689B}.Release|Any CPU.Build.0 = Release|Any CPU
		{0A621A61-36F6-4D22-B2B0-45552D8C0DC9}.Debug|Any CPU.ActiveCfg = Debug|Any CPU
		{0A621A61-36F6-4D22-B2B0-45552D8C0DC9}.Debug|Any CPU.Build.0 = Debug|Any CPU
		{0A621A61-36F6-4D22-B2B0-45552D8C0DC9}.Release|Any CPU.ActiveCfg = Release|Any CPU
		{0A621A61-36F6-4D22-B2B0-45552D8C0DC9}.Release|Any CPU.Build.0 = Release|Any CPU
		{A4F6C89C-1D14-47FF-A343-EA018FCD5853}.Debug|Any CPU.ActiveCfg = Debug|Any CPU
		{A4F6C89C-1D14-47FF-A343-EA018FCD5853}.Debug|Any CPU.Build.0 = Debug|Any CPU
		{A4F6C89C-1D14-47FF-A343-EA018FCD5853}.Release|Any CPU.ActiveCfg = Release|Any CPU
		{A4F6C89C-1D14-47FF-A343-EA018FCD5853}.Release|Any CPU.Build.0 = Release|Any CPU
		{84A2D18B-F37B-414D-A0AD-D998C8216840}.Debug|Any CPU.ActiveCfg = Debug|Any CPU
		{84A2D18B-F37B-414D-A0AD-D998C8216840}.Debug|Any CPU.Build.0 = Debug|Any CPU
		{84A2D18B-F37B-414D-A0AD-D998C8216840}.Release|Any CPU.ActiveCfg = Release|Any CPU
		{84A2D18B-F37B-414D-A0AD-D998C8216840}.Release|Any CPU.Build.0 = Release|Any CPU
		{A7DFF313-BCD2-4FC0-B5CB-3862437617D6}.Debug|Any CPU.ActiveCfg = Debug|Any CPU
		{A7DFF313-BCD2-4FC0-B5CB-3862437617D6}.Debug|Any CPU.Build.0 = Debug|Any CPU
		{A7DFF313-BCD2-4FC0-B5CB-3862437617D6}.Release|Any CPU.ActiveCfg = Release|Any CPU
		{A7DFF313-BCD2-4FC0-B5CB-3862437617D6}.Release|Any CPU.Build.0 = Release|Any CPU
		{ACF682A5-A5B4-41F2-9D87-DD2614951C72}.Debug|Any CPU.ActiveCfg = Debug|Any CPU
		{ACF682A5-A5B4-41F2-9D87-DD2614951C72}.Debug|Any CPU.Build.0 = Debug|Any CPU
		{ACF682A5-A5B4-41F2-9D87-DD2614951C72}.Release|Any CPU.ActiveCfg = Release|Any CPU
		{ACF682A5-A5B4-41F2-9D87-DD2614951C72}.Release|Any CPU.Build.0 = Release|Any CPU
		{08A66717-B57E-437B-8660-00AD8677A48B}.Debug|Any CPU.ActiveCfg = Debug|Any CPU
		{08A66717-B57E-437B-8660-00AD8677A48B}.Debug|Any CPU.Build.0 = Debug|Any CPU
		{08A66717-B57E-437B-8660-00AD8677A48B}.Release|Any CPU.ActiveCfg = Release|Any CPU
		{08A66717-B57E-437B-8660-00AD8677A48B}.Release|Any CPU.Build.0 = Release|Any CPU
		{3D64A811-C46A-4A52-8B6A-F343DA6BAED0}.Debug|Any CPU.ActiveCfg = Debug|Any CPU
		{3D64A811-C46A-4A52-8B6A-F343DA6BAED0}.Debug|Any CPU.Build.0 = Debug|Any CPU
		{3D64A811-C46A-4A52-8B6A-F343DA6BAED0}.Release|Any CPU.ActiveCfg = Release|Any CPU
		{3D64A811-C46A-4A52-8B6A-F343DA6BAED0}.Release|Any CPU.Build.0 = Release|Any CPU
		{FE99487A-00AC-40CA-AAC7-BCD9EDB04CEB}.Debug|Any CPU.ActiveCfg = Debug|Any CPU
		{FE99487A-00AC-40CA-AAC7-BCD9EDB04CEB}.Debug|Any CPU.Build.0 = Debug|Any CPU
		{FE99487A-00AC-40CA-AAC7-BCD9EDB04CEB}.Release|Any CPU.ActiveCfg = Release|Any CPU
		{FE99487A-00AC-40CA-AAC7-BCD9EDB04CEB}.Release|Any CPU.Build.0 = Release|Any CPU
	EndGlobalSection
	GlobalSection(SolutionProperties) = preSolution
		HideSolutionNode = FALSE
	EndGlobalSection
	GlobalSection(NestedProjects) = preSolution
		{ED821FC0-4336-41F3-8C30-C2A38A88C2D3} = {C678FB02-503D-4C04-B614-A0BECAAC0C1B}
		{56A27E97-5533-471A-86E4-99D6C478864D} = {ED821FC0-4336-41F3-8C30-C2A38A88C2D3}
		{F0334924-4B01-41F7-9D19-0C54211E4B5B} = {C678FB02-503D-4C04-B614-A0BECAAC0C1B}
		{0A621A61-36F6-4D22-B2B0-45552D8C0DC9} = {F0334924-4B01-41F7-9D19-0C54211E4B5B}
		{C3F5F99A-8AB9-4156-85BC-DEE67D9F6684} = {C678FB02-503D-4C04-B614-A0BECAAC0C1B}
		{A4F6C89C-1D14-47FF-A343-EA018FCD5853} = {C3F5F99A-8AB9-4156-85BC-DEE67D9F6684}
		{84A2D18B-F37B-414D-A0AD-D998C8216840} = {C3F5F99A-8AB9-4156-85BC-DEE67D9F6684}
		{5219EF18-227A-49F9-81EC-50813311BD91} = {C678FB02-503D-4C04-B614-A0BECAAC0C1B}
		{A7DFF313-BCD2-4FC0-B5CB-3862437617D6} = {5219EF18-227A-49F9-81EC-50813311BD91}
		{ACF682A5-A5B4-41F2-9D87-DD2614951C72} = {5219EF18-227A-49F9-81EC-50813311BD91}
		{08A66717-B57E-437B-8660-00AD8677A48B} = {5219EF18-227A-49F9-81EC-50813311BD91}
		{3D64A811-C46A-4A52-8B6A-F343DA6BAED0} = {5219EF18-227A-49F9-81EC-50813311BD91}
		{FE99487A-00AC-40CA-AAC7-BCD9EDB04CEB} = {287C3525-846C-4623-A2B0-E0CF646B01B1}
	EndGlobalSection
	GlobalSection(ExtensibilityGlobals) = postSolution
		SolutionGuid = {D800698A-0685-460E-A8FC-EB40E334308E}
	EndGlobalSection
EndGlobal
